
Microsoft Visual Studio Solution File, Format Version 12.00
# Visual Studio 15
VisualStudioVersion = 15.0.27703.2047
MinimumVisualStudioVersion = 10.0.40219.1
Project("{FAE04EC0-301F-11D3-BF4B-00C04F79EFBC}") = "20FilteringApp", "20FilteringApp\20FilteringApp.csproj", "{34C9FEDA-ABB5-473D-B140-22DB4630586C}"
EndProject
Global
	GlobalSection(SolutionConfigurationPlatforms) = preSolution
		Debug|Any CPU = Debug|Any CPU
		Release|Any CPU = Release|Any CPU
	EndGlobalSection
	GlobalSection(ProjectConfigurationPlatforms) = postSolution
		{34C9FEDA-ABB5-473D-B140-22DB4630586C}.Debug|Any CPU.ActiveCfg = Debug|Any CPU
		{34C9FEDA-ABB5-473D-B140-22DB4630586C}.Debug|Any CPU.Build.0 = Debug|Any CPU
		{34C9FEDA-ABB5-473D-B140-22DB4630586C}.Release|Any CPU.ActiveCfg = Release|Any CPU
		{34C9FEDA-ABB5-473D-B140-22DB4630586C}.Release|Any CPU.Build.0 = Release|Any CPU
	EndGlobalSection
	GlobalSection(SolutionProperties) = preSolution
		HideSolutionNode = FALSE
	EndGlobalSection
	GlobalSection(ExtensibilityGlobals) = postSolution
		SolutionGuid = {BB3E0E10-9A28-47EB-ABD6-A4B750C665CB}
	EndGlobalSection
EndGlobal
