
Microsoft Visual Studio Solution File, Format Version 12.00
# Visual Studio 15
VisualStudioVersion = 15.0.27703.2047
MinimumVisualStudioVersion = 10.0.40219.1
Project("{FAE04EC0-301F-11D3-BF4B-00C04F79EFBC}") = "03ClaimsApp", "03ClaimsApp\03ClaimsApp.csproj", "{765D579D-55DC-41BC-A2B9-593F7E0F0A94}"
EndProject
Global
	GlobalSection(SolutionConfigurationPlatforms) = preSolution
		Debug|Any CPU = Debug|Any CPU
		Release|Any CPU = Release|Any CPU
	EndGlobalSection
	GlobalSection(ProjectConfigurationPlatforms) = postSolution
		{765D579D-55DC-41BC-A2B9-593F7E0F0A94}.Debug|Any CPU.ActiveCfg = Debug|Any CPU
		{765D579D-55DC-41BC-A2B9-593F7E0F0A94}.Debug|Any CPU.Build.0 = Debug|Any CPU
		{765D579D-55DC-41BC-A2B9-593F7E0F0A94}.Release|Any CPU.ActiveCfg = Release|Any CPU
		{765D579D-55DC-41BC-A2B9-593F7E0F0A94}.Release|Any CPU.Build.0 = Release|Any CPU
	EndGlobalSection
	GlobalSection(SolutionProperties) = preSolution
		HideSolutionNode = FALSE
	EndGlobalSection
	GlobalSection(ExtensibilityGlobals) = postSolution
		SolutionGuid = {0525EE53-01D9-41A1-9B1F-0069B69D9349}
	EndGlobalSection
EndGlobal
