
Microsoft Visual Studio Solution File, Format Version 12.00
# Visual Studio 15
VisualStudioVersion = 15.0.27703.2047
MinimumVisualStudioVersion = 10.0.40219.1
Project("{FAE04EC0-301F-11D3-BF4B-00C04F79EFBC}") = "19SortApp", "19SortApp\19SortApp.csproj", "{17D0756A-8307-4A0C-8A7B-714F4CFFB8F5}"
EndProject
Global
	GlobalSection(SolutionConfigurationPlatforms) = preSolution
		Debug|Any CPU = Debug|Any CPU
		Release|Any CPU = Release|Any CPU
	EndGlobalSection
	GlobalSection(ProjectConfigurationPlatforms) = postSolution
		{17D0756A-8307-4A0C-8A7B-714F4CFFB8F5}.Debug|Any CPU.ActiveCfg = Debug|Any CPU
		{17D0756A-8307-4A0C-8A7B-714F4CFFB8F5}.Debug|Any CPU.Build.0 = Debug|Any CPU
		{17D0756A-8307-4A0C-8A7B-714F4CFFB8F5}.Release|Any CPU.ActiveCfg = Release|Any CPU
		{17D0756A-8307-4A0C-8A7B-714F4CFFB8F5}.Release|Any CPU.Build.0 = Release|Any CPU
	EndGlobalSection
	GlobalSection(SolutionProperties) = preSolution
		HideSolutionNode = FALSE
	EndGlobalSection
	GlobalSection(ExtensibilityGlobals) = postSolution
		SolutionGuid = {7706078F-5DA1-4A89-93E5-830C09C11F98}
	EndGlobalSection
EndGlobal
