
Microsoft Visual Studio Solution File, Format Version 12.00
# Visual Studio 15
VisualStudioVersion = 15.0.27703.2047
MinimumVisualStudioVersion = 10.0.40219.1
Project("{FAE04EC0-301F-11D3-BF4B-00C04F79EFBC}") = "02RolesApp", "02RolesApp\02RolesApp.csproj", "{FEA15277-E51C-4D24-B054-16966B82A4FB}"
EndProject
Global
	GlobalSection(SolutionConfigurationPlatforms) = preSolution
		Debug|Any CPU = Debug|Any CPU
		Release|Any CPU = Release|Any CPU
	EndGlobalSection
	GlobalSection(ProjectConfigurationPlatforms) = postSolution
		{FEA15277-E51C-4D24-B054-16966B82A4FB}.Debug|Any CPU.ActiveCfg = Debug|Any CPU
		{FEA15277-E51C-4D24-B054-16966B82A4FB}.Debug|Any CPU.Build.0 = Debug|Any CPU
		{FEA15277-E51C-4D24-B054-16966B82A4FB}.Release|Any CPU.ActiveCfg = Release|Any CPU
		{FEA15277-E51C-4D24-B054-16966B82A4FB}.Release|Any CPU.Build.0 = Release|Any CPU
	EndGlobalSection
	GlobalSection(SolutionProperties) = preSolution
		HideSolutionNode = FALSE
	EndGlobalSection
	GlobalSection(ExtensibilityGlobals) = postSolution
		SolutionGuid = {EC378AD5-7F7B-45F2-BCDE-80A94D30EE6E}
	EndGlobalSection
EndGlobal
