
Microsoft Visual Studio Solution File, Format Version 12.00
# Visual Studio 15
VisualStudioVersion = 15.0.27703.2047
MinimumVisualStudioVersion = 10.0.40219.1
Project("{FAE04EC0-301F-11D3-BF4B-00C04F79EFBC}") = "01IdentityApp", "01IdentityApp\01IdentityApp.csproj", "{5DEA2A14-DF0C-4A16-94AF-68C8433C2294}"
EndProject
Global
	GlobalSection(SolutionConfigurationPlatforms) = preSolution
		Debug|Any CPU = Debug|Any CPU
		Release|Any CPU = Release|Any CPU
	EndGlobalSection
	GlobalSection(ProjectConfigurationPlatforms) = postSolution
		{5DEA2A14-DF0C-4A16-94AF-68C8433C2294}.Debug|Any CPU.ActiveCfg = Debug|Any CPU
		{5DEA2A14-DF0C-4A16-94AF-68C8433C2294}.Debug|Any CPU.Build.0 = Debug|Any CPU
		{5DEA2A14-DF0C-4A16-94AF-68C8433C2294}.Release|Any CPU.ActiveCfg = Release|Any CPU
		{5DEA2A14-DF0C-4A16-94AF-68C8433C2294}.Release|Any CPU.Build.0 = Release|Any CPU
	EndGlobalSection
	GlobalSection(SolutionProperties) = preSolution
		HideSolutionNode = FALSE
	EndGlobalSection
	GlobalSection(ExtensibilityGlobals) = postSolution
		SolutionGuid = {4EA50AC6-323D-4543-B52E-7EB66AAA3D29}
	EndGlobalSection
EndGlobal
